
Microsoft Visual Studio Solution File, Format Version 12.00
# Visual Studio 14
VisualStudioVersion = 14.0.25420.1
MinimumVisualStudioVersion = 10.0.40219.1
Project("{FAE04EC0-301F-11D3-BF4B-00C04F79EFBC}") = "Stateless", "Stateless\Stateless.csproj", "{A15EEC02-60EC-4705-A58B-A6ECD55A9628}"
EndProject
Project("{FAE04EC0-301F-11D3-BF4B-00C04F79EFBC}") = "Stateless.Tests", "Stateless.Tests\Stateless.Tests.csproj", "{70AD8860-1F5E-4F78-9276-CAD498EDDF73}"
EndProject
Project("{FAE04EC0-301F-11D3-BF4B-00C04F79EFBC}") = "OnOffExample", "OnOffExample\OnOffExample.csproj", "{69512CD4-53C5-4702-B0F6-E7EFA4897525}"
EndProject
Project("{FAE04EC0-301F-11D3-BF4B-00C04F79EFBC}") = "TelephoneCallExample", "TelephoneCallExample\TelephoneCallExample.csproj", "{F952836B-D548-4586-8974-59343D575A66}"
EndProject
Project("{FAE04EC0-301F-11D3-BF4B-00C04F79EFBC}") = "BugTrackerExample", "BugTrackerExample\BugTrackerExample.csproj", "{3A56311E-C3AC-4E34-A1DF-CA5042A31039}"
EndProject
Project("{2150E333-8FDC-42A3-9474-1A3956D46DE8}") = "Solution Items", "Solution Items", "{8DE7A8AE-D87D-46A0-9757-88BA4AF7EDA5}"
	ProjectSection(SolutionItems) = preProject
		Stateless.nuspec = Stateless.nuspec
	EndProjectSection
EndProject
Project("{2150E333-8FDC-42A3-9474-1A3956D46DE8}") = ".nuget", ".nuget", "{9DBF0687-CF52-4E52-AE4E-5C123A455E15}"
	ProjectSection(SolutionItems) = preProject
		.nuget\packages.config = .nuget\packages.config
	EndProjectSection
EndProject
Project("{FAE04EC0-301F-11D3-BF4B-00C04F79EFBC}") = "StatelessNet45Profile259", "Stateless\StatelessNet45Profile259.csproj", "{DC4DD764-F902-4D2F-B175-37EB3A8F006D}"
	ProjectSection(ProjectDependencies) = postProject
		{A15EEC02-60EC-4705-A58B-A6ECD55A9628} = {A15EEC02-60EC-4705-A58B-A6ECD55A9628}
	EndProjectSection
EndProject
Global
	GlobalSection(SolutionConfigurationPlatforms) = preSolution
		Debug|Any CPU = Debug|Any CPU
		Release|Any CPU = Release|Any CPU
	EndGlobalSection
	GlobalSection(ProjectConfigurationPlatforms) = postSolution
		{A15EEC02-60EC-4705-A58B-A6ECD55A9628}.Debug|Any CPU.ActiveCfg = Debug|Any CPU
		{A15EEC02-60EC-4705-A58B-A6ECD55A9628}.Debug|Any CPU.Build.0 = Debug|Any CPU
		{A15EEC02-60EC-4705-A58B-A6ECD55A9628}.Release|Any CPU.ActiveCfg = Release|Any CPU
		{A15EEC02-60EC-4705-A58B-A6ECD55A9628}.Release|Any CPU.Build.0 = Release|Any CPU
		{70AD8860-1F5E-4F78-9276-CAD498EDDF73}.Debug|Any CPU.ActiveCfg = Debug|Any CPU
		{70AD8860-1F5E-4F78-9276-CAD498EDDF73}.Debug|Any CPU.Build.0 = Debug|Any CPU
		{70AD8860-1F5E-4F78-9276-CAD498EDDF73}.Release|Any CPU.ActiveCfg = Release|Any CPU
		{70AD8860-1F5E-4F78-9276-CAD498EDDF73}.Release|Any CPU.Build.0 = Release|Any CPU
		{69512CD4-53C5-4702-B0F6-E7EFA4897525}.Debug|Any CPU.ActiveCfg = Debug|Any CPU
		{69512CD4-53C5-4702-B0F6-E7EFA4897525}.Debug|Any CPU.Build.0 = Debug|Any CPU
		{69512CD4-53C5-4702-B0F6-E7EFA4897525}.Release|Any CPU.ActiveCfg = Release|Any CPU
		{69512CD4-53C5-4702-B0F6-E7EFA4897525}.Release|Any CPU.Build.0 = Release|Any CPU
		{F952836B-D548-4586-8974-59343D575A66}.Debug|Any CPU.ActiveCfg = Debug|Any CPU
		{F952836B-D548-4586-8974-59343D575A66}.Debug|Any CPU.Build.0 = Debug|Any CPU
		{F952836B-D548-4586-8974-59343D575A66}.Release|Any CPU.ActiveCfg = Release|Any CPU
		{F952836B-D548-4586-8974-59343D575A66}.Release|Any CPU.Build.0 = Release|Any CPU
		{3A56311E-C3AC-4E34-A1DF-CA5042A31039}.Debug|Any CPU.ActiveCfg = Debug|Any CPU
		{3A56311E-C3AC-4E34-A1DF-CA5042A31039}.Debug|Any CPU.Build.0 = Debug|Any CPU
		{3A56311E-C3AC-4E34-A1DF-CA5042A31039}.Release|Any CPU.ActiveCfg = Release|Any CPU
		{3A56311E-C3AC-4E34-A1DF-CA5042A31039}.Release|Any CPU.Build.0 = Release|Any CPU
		{DC4DD764-F902-4D2F-B175-37EB3A8F006D}.Debug|Any CPU.ActiveCfg = Debug|Any CPU
		{DC4DD764-F902-4D2F-B175-37EB3A8F006D}.Debug|Any CPU.Build.0 = Debug|Any CPU
		{DC4DD764-F902-4D2F-B175-37EB3A8F006D}.Release|Any CPU.ActiveCfg = Release|Any CPU
		{DC4DD764-F902-4D2F-B175-37EB3A8F006D}.Release|Any CPU.Build.0 = Release|Any CPU
	EndGlobalSection
	GlobalSection(SolutionProperties) = preSolution
		HideSolutionNode = FALSE
	EndGlobalSection
EndGlobal
