
Microsoft Visual Studio Solution File, Format Version 12.00
# Visual Studio Version 17
VisualStudioVersion = 17.5.002.0
MinimumVisualStudioVersion = 10.0.40219.1
Project("{9A19103F-16F7-4668-BE54-9A1E7A4F7556}") = "Stateless.Tests", "Stateless.Tests.csproj", "{AAEE5EF9-84E2-42BB-838B-6EBA7F4825B5}"
EndProject
Global
	GlobalSection(SolutionConfigurationPlatforms) = preSolution
		Debug|Any CPU = Debug|Any CPU
		Release|Any CPU = Release|Any CPU
	EndGlobalSection
	GlobalSection(ProjectConfigurationPlatforms) = postSolution
		{AAEE5EF9-84E2-42BB-838B-6EBA7F4825B5}.Debug|Any CPU.ActiveCfg = Debug|Any CPU
		{AAEE5EF9-84E2-42BB-838B-6EBA7F4825B5}.Debug|Any CPU.Build.0 = Debug|Any CPU
		{AAEE5EF9-84E2-42BB-838B-6EBA7F4825B5}.Release|Any CPU.ActiveCfg = Release|Any CPU
		{AAEE5EF9-84E2-42BB-838B-6EBA7F4825B5}.Release|Any CPU.Build.0 = Release|Any CPU
	EndGlobalSection
	GlobalSection(SolutionProperties) = preSolution
		HideSolutionNode = FALSE
	EndGlobalSection
	GlobalSection(ExtensibilityGlobals) = postSolution
		SolutionGuid = {EC9983B3-95F4-42D0-9FFC-F3DD2B863F80}
	EndGlobalSection
EndGlobal
